
Microsoft Visual Studio Solution File, Format Version 12.00
# Visual Studio 15
VisualStudioVersion = 15.0.26430.6
MinimumVisualStudioVersion = 10.0.40219.1
Project("{FAE04EC0-301F-11D3-BF4B-00C04F79EFBC}") = "Scarlet", "Scarlet\Scarlet.csproj", "{A8F0E6B6-92A8-45EE-AD1D-2A7A1032AB77}"
EndProject
Project("{FAE04EC0-301F-11D3-BF4B-00C04F79EFBC}") = "Scarlet.Classic", "Scarlet.Classic\Scarlet.Classic.csproj", "{9E876EFB-AC39-40CB-89C5-516AFC0B6042}"
EndProject
Project("{FAE04EC0-301F-11D3-BF4B-00C04F79EFBC}") = "Scarlet.Core.EntityManagementService", "Scarlet.Core.EntityManagementService\Scarlet.Core.EntityManagementService.csproj", "{CBB7C4AC-D334-410B-BB23-F20FBCE4F644}"
EndProject
Global
	GlobalSection(SolutionConfigurationPlatforms) = preSolution
		Debug|Any CPU = Debug|Any CPU
		Release|Any CPU = Release|Any CPU
	EndGlobalSection
	GlobalSection(ProjectConfigurationPlatforms) = postSolution
		{A8F0E6B6-92A8-45EE-AD1D-2A7A1032AB77}.Debug|Any CPU.ActiveCfg = Debug|Any CPU
		{A8F0E6B6-92A8-45EE-AD1D-2A7A1032AB77}.Debug|Any CPU.Build.0 = Debug|Any CPU
		{A8F0E6B6-92A8-45EE-AD1D-2A7A1032AB77}.Release|Any CPU.ActiveCfg = Release|Any CPU
		{A8F0E6B6-92A8-45EE-AD1D-2A7A1032AB77}.Release|Any CPU.Build.0 = Release|Any CPU
		{9E876EFB-AC39-40CB-89C5-516AFC0B6042}.Debug|Any CPU.ActiveCfg = Debug|Any CPU
		{9E876EFB-AC39-40CB-89C5-516AFC0B6042}.Debug|Any CPU.Build.0 = Debug|Any CPU
		{9E876EFB-AC39-40CB-89C5-516AFC0B6042}.Release|Any CPU.ActiveCfg = Release|Any CPU
		{9E876EFB-AC39-40CB-89C5-516AFC0B6042}.Release|Any CPU.Build.0 = Release|Any CPU
		{CBB7C4AC-D334-410B-BB23-F20FBCE4F644}.Debug|Any CPU.ActiveCfg = Debug|Any CPU
		{CBB7C4AC-D334-410B-BB23-F20FBCE4F644}.Debug|Any CPU.Build.0 = Debug|Any CPU
		{CBB7C4AC-D334-410B-BB23-F20FBCE4F644}.Release|Any CPU.ActiveCfg = Release|Any CPU
		{CBB7C4AC-D334-410B-BB23-F20FBCE4F644}.Release|Any CPU.Build.0 = Release|Any CPU
	EndGlobalSection
	GlobalSection(SolutionProperties) = preSolution
		HideSolutionNode = FALSE
	EndGlobalSection
EndGlobal
